
Microsoft Visual Studio Solution File, Format Version 12.00
# Visual Studio Version 16
VisualStudioVersion = 16.0.30711.63
MinimumVisualStudioVersion = 10.0.40219.1
Project("{8BC9CEB8-8B4A-11D0-8D11-00A0C91BC942}") = "gles3test1", "gles3test1\gles3test1.vcxproj", "{8369DDBC-151E-478D-BAC3-D68F5FA593F2}"
EndProject
Project("{8BC9CEB8-8B4A-11D0-8D11-00A0C91BC942}") = "xx2d", "xx2d\xx2d.vcxproj", "{8369DDBC-1234-5678-BAC3-D68F5FA593F2}"
EndProject
Project("{8BC9CEB8-8B4A-11D0-8D11-00A0C91BC942}") = "gles3test2", "gles3test2\gles3test2.vcxproj", "{8369DDBC-1234-4321-BAC3-D68F5FA593F2}"
EndProject
Project("{8BC9CEB8-8B4A-11D0-8D11-00A0C91BC942}") = "DX11Test1", "DX11Test1\DX11Test1.vcxproj", "{B2690C96-4CCA-45E2-8C07-9B13E94A0167}"
EndProject
Project("{8BC9CEB8-8B4A-11D0-8D11-00A0C91BC942}") = "DX11Test2", "DX11Test2\DX11Test2.vcxproj", "{BFC58178-12A6-457D-813E-40FA3F808B87}"
EndProject
Project("{8BC9CEB8-8B4A-11D0-8D11-00A0C91BC942}") = "structTest1", "structTest1\structTest1.vcxproj", "{8369DDBC-1234-4444-BAC3-D68F5FA593F2}"
EndProject
Project("{8BC9CEB8-8B4A-11D0-8D11-00A0C91BC942}") = "structTest2", "structTest2\structTest2.vcxproj", "{8369DDBC-1234-4444-5555-D68F5FA593F2}"
EndProject
Project("{8BC9CEB8-8B4A-11D0-8D11-00A0C91BC942}") = "coco", "coco\coco.vcxproj", "{8369DDBC-1234-4444-6666-D68F5FA593F2}"
EndProject
Project("{8BC9CEB8-8B4A-11D0-8D11-00A0C91BC942}") = "coco_dx", "coco_dx\coco_dx.vcxproj", "{8369DDBC-1234-5555-6666-D68F5FA593F2}"
EndProject
Project("{8BC9CEB8-8B4A-11D0-8D11-00A0C91BC942}") = "structTest3", "structTest3\structTest3.vcxproj", "{8369DDBC-1234-4444-5566-D68F5FA593F2}"
EndProject
Project("{8BC9CEB8-8B4A-11D0-8D11-00A0C91BC942}") = "DX11Test3", "DX11Test3\DX11Test3.vcxproj", "{B2690C96-4CCA-45E2-8C07-9B13E94AAAAA}"
EndProject
Project("{8BC9CEB8-8B4A-11D0-8D11-00A0C91BC942}") = "structTest4", "structTest4\structTest4.vcxproj", "{8369DDBC-1234-4444-5566-D68F5FA57777}"
EndProject
Global
	GlobalSection(SolutionConfigurationPlatforms) = preSolution
		Debug|x64 = Debug|x64
		Release|x64 = Release|x64
	EndGlobalSection
	GlobalSection(ProjectConfigurationPlatforms) = postSolution
		{8369DDBC-151E-478D-BAC3-D68F5FA593F2}.Debug|x64.ActiveCfg = Debug|x64
		{8369DDBC-151E-478D-BAC3-D68F5FA593F2}.Debug|x64.Build.0 = Debug|x64
		{8369DDBC-151E-478D-BAC3-D68F5FA593F2}.Release|x64.ActiveCfg = Release|x64
		{8369DDBC-151E-478D-BAC3-D68F5FA593F2}.Release|x64.Build.0 = Release|x64
		{8369DDBC-1234-5678-BAC3-D68F5FA593F2}.Debug|x64.ActiveCfg = Debug|x64
		{8369DDBC-1234-5678-BAC3-D68F5FA593F2}.Debug|x64.Build.0 = Debug|x64
		{8369DDBC-1234-5678-BAC3-D68F5FA593F2}.Release|x64.ActiveCfg = Release|x64
		{8369DDBC-1234-5678-BAC3-D68F5FA593F2}.Release|x64.Build.0 = Release|x64
		{8369DDBC-1234-4321-BAC3-D68F5FA593F2}.Debug|x64.ActiveCfg = Debug|x64
		{8369DDBC-1234-4321-BAC3-D68F5FA593F2}.Debug|x64.Build.0 = Debug|x64
		{8369DDBC-1234-4321-BAC3-D68F5FA593F2}.Release|x64.ActiveCfg = Release|x64
		{8369DDBC-1234-4321-BAC3-D68F5FA593F2}.Release|x64.Build.0 = Release|x64
		{B2690C96-4CCA-45E2-8C07-9B13E94A0167}.Debug|x64.ActiveCfg = Debug|x64
		{B2690C96-4CCA-45E2-8C07-9B13E94A0167}.Debug|x64.Build.0 = Debug|x64
		{B2690C96-4CCA-45E2-8C07-9B13E94A0167}.Release|x64.ActiveCfg = Release|x64
		{B2690C96-4CCA-45E2-8C07-9B13E94A0167}.Release|x64.Build.0 = Release|x64
		{BFC58178-12A6-457D-813E-40FA3F808B87}.Debug|x64.ActiveCfg = Debug|x64
		{BFC58178-12A6-457D-813E-40FA3F808B87}.Debug|x64.Build.0 = Debug|x64
		{BFC58178-12A6-457D-813E-40FA3F808B87}.Release|x64.ActiveCfg = Release|x64
		{BFC58178-12A6-457D-813E-40FA3F808B87}.Release|x64.Build.0 = Release|x64
		{8369DDBC-1234-4444-BAC3-D68F5FA593F2}.Debug|x64.ActiveCfg = Debug|x64
		{8369DDBC-1234-4444-BAC3-D68F5FA593F2}.Debug|x64.Build.0 = Debug|x64
		{8369DDBC-1234-4444-BAC3-D68F5FA593F2}.Release|x64.ActiveCfg = Release|x64
		{8369DDBC-1234-4444-BAC3-D68F5FA593F2}.Release|x64.Build.0 = Release|x64
		{8369DDBC-1234-4444-5555-D68F5FA593F2}.Debug|x64.ActiveCfg = Debug|x64
		{8369DDBC-1234-4444-5555-D68F5FA593F2}.Debug|x64.Build.0 = Debug|x64
		{8369DDBC-1234-4444-5555-D68F5FA593F2}.Release|x64.ActiveCfg = Release|x64
		{8369DDBC-1234-4444-5555-D68F5FA593F2}.Release|x64.Build.0 = Release|x64
		{8369DDBC-1234-4444-6666-D68F5FA593F2}.Debug|x64.ActiveCfg = Debug|x64
		{8369DDBC-1234-4444-6666-D68F5FA593F2}.Debug|x64.Build.0 = Debug|x64
		{8369DDBC-1234-4444-6666-D68F5FA593F2}.Release|x64.ActiveCfg = Release|x64
		{8369DDBC-1234-4444-6666-D68F5FA593F2}.Release|x64.Build.0 = Release|x64
		{8369DDBC-1234-5555-6666-D68F5FA593F2}.Debug|x64.ActiveCfg = Debug|x64
		{8369DDBC-1234-5555-6666-D68F5FA593F2}.Debug|x64.Build.0 = Debug|x64
		{8369DDBC-1234-5555-6666-D68F5FA593F2}.Release|x64.ActiveCfg = Release|x64
		{8369DDBC-1234-5555-6666-D68F5FA593F2}.Release|x64.Build.0 = Release|x64
		{8369DDBC-1234-4444-5566-D68F5FA593F2}.Debug|x64.ActiveCfg = Debug|x64
		{8369DDBC-1234-4444-5566-D68F5FA593F2}.Debug|x64.Build.0 = Debug|x64
		{8369DDBC-1234-4444-5566-D68F5FA593F2}.Release|x64.ActiveCfg = Release|x64
		{8369DDBC-1234-4444-5566-D68F5FA593F2}.Release|x64.Build.0 = Release|x64
		{B2690C96-4CCA-45E2-8C07-9B13E94AAAAA}.Debug|x64.ActiveCfg = Debug|x64
		{B2690C96-4CCA-45E2-8C07-9B13E94AAAAA}.Debug|x64.Build.0 = Debug|x64
		{B2690C96-4CCA-45E2-8C07-9B13E94AAAAA}.Release|x64.ActiveCfg = Release|x64
		{B2690C96-4CCA-45E2-8C07-9B13E94AAAAA}.Release|x64.Build.0 = Release|x64
		{8369DDBC-1234-4444-5566-D68F5FA57777}.Debug|x64.ActiveCfg = Debug|x64
		{8369DDBC-1234-4444-5566-D68F5FA57777}.Debug|x64.Build.0 = Debug|x64
		{8369DDBC-1234-4444-5566-D68F5FA57777}.Release|x64.ActiveCfg = Release|x64
		{8369DDBC-1234-4444-5566-D68F5FA57777}.Release|x64.Build.0 = Release|x64
	EndGlobalSection
	GlobalSection(SolutionProperties) = preSolution
		HideSolutionNode = FALSE
	EndGlobalSection
	GlobalSection(ExtensibilityGlobals) = postSolution
		SolutionGuid = {A2ED764B-DFF8-42F0-88DE-8E32DBF53C54}
	EndGlobalSection
EndGlobal
