<?xml version="1.0" encoding="utf-8"?>
<Project ToolsVersion="4.0" xmlns="http://schemas.microsoft.com/developer/msbuild/2003">
  <ItemGroup>
    <ClCompile Include="main.cpp" />
  </ItemGroup>
  <ItemGroup>
    <Filter Include="xxlib">
      <UniqueIdentifier>{e722cbb7-e937-4351-993f-01d0343c0234}</UniqueIdentifier>
    </Filter>
  </ItemGroup>
  <ItemGroup>
    <ClInclude Include="..\xxlib\xx_data.h">
      <Filter>xxlib</Filter>
    </ClInclude>
    <ClInclude Include="..\xxlib\xx_obj.h">
      <Filter>xxlib</Filter>
    </ClInclude>
    <ClInclude Include="..\xxlib\xx_ptr.h">
      <Filter>xxlib</Filter>
    </ClInclude>
    <ClInclude Include="..\xxlib\xx_typehelpers.h">
      <Filter>xxlib</Filter>
    </ClInclude>
    <ClInclude Include="..\xxlib\xx_file.h">
      <Filter>xxlib</Filter>
    </ClInclude>
    <ClInclude Include="..\xxlib\xx_linkpool.h">
      <Filter>xxlib</Filter>
    </ClInclude>
    <ClInclude Include="..\xxlib\xx_combopool.h">
      <Filter>xxlib</Filter>
    </ClInclude>
    <ClInclude Include="xx_fixeddata.h" />
    <ClInclude Include="xx_fixeddata_w.h" />
    <ClInclude Include="xx_logger.h" />
    <ClInclude Include="ajson.hpp" />
    <ClInclude Include="xx_data.h" />
    <ClInclude Include="xx_math.h" />
    <ClInclude Include="readerwriterqueue.h" />
    <ClInclude Include="atomicops.h" />
  </ItemGroup>
  <ItemGroup>
    <Natvis Include="..\xxlib\xx.natvis">
      <Filter>xxlib</Filter>
    </Natvis>
  </ItemGroup>
</Project>