<?xml version="1.0" encoding="utf-8"?>
<Project ToolsVersion="4.0" xmlns="http://schemas.microsoft.com/developer/msbuild/2003">
  <ItemGroup>
    <ClCompile Include="main.cpp" />
    <ClCompile Include="..\glad_glcore33\glad.c" />
  </ItemGroup>
  <ItemGroup>
    <ClInclude Include="gltest3.hpp" />
    <ClInclude Include="gltest4.hpp" />
    <ClInclude Include="gltest5.hpp" />
    <ClInclude Include="gltest1.hpp" />
    <ClInclude Include="gltest2.hpp" />
  </ItemGroup>
</Project>