<?xml version="1.0" encoding="utf-8"?>
<Project ToolsVersion="4.0" xmlns="http://schemas.microsoft.com/developer/msbuild/2003">
  <ItemGroup>
    <ClCompile Include="main.cpp" />
    <ClCompile Include="AppDelegate.cpp">
      <Filter>src</Filter>
    </ClCompile>
    <ClCompile Include="Structs.cpp">
      <Filter>src</Filter>
    </ClCompile>
  </ItemGroup>
  <ItemGroup>
    <Filter Include="src">
      <UniqueIdentifier>{1c5b57cf-38f7-444e-b9e2-05b45edee3f4}</UniqueIdentifier>
    </Filter>
  </ItemGroup>
  <ItemGroup>
    <ClInclude Include="AppDelegate.h">
      <Filter>src</Filter>
    </ClInclude>
    <ClInclude Include="PlatformMacros.h">
      <Filter>src</Filter>
    </ClInclude>
    <ClInclude Include="Structs.h">
      <Filter>src</Filter>
    </ClInclude>
  </ItemGroup>
</Project>