<?xml version="1.0" encoding="utf-8"?>
<Project ToolsVersion="4.0" xmlns="http://schemas.microsoft.com/developer/msbuild/2003">
  <ItemGroup>
    <ClCompile Include="main.cpp" />
    <ClCompile Include="Node.cpp" />
    <ClCompile Include="SceneTree.cpp" />
    <ClCompile Include="Viewport.cpp" />
    <ClCompile Include="Signal.cpp" />
  </ItemGroup>
  <ItemGroup>
    <Filter Include="xxlib">
      <UniqueIdentifier>{e722cbb7-e937-4351-993f-01d0343c0234}</UniqueIdentifier>
    </Filter>
    <Filter Include="bak">
      <UniqueIdentifier>{8dd1c71c-221f-4ea4-8def-9e149f664ea5}</UniqueIdentifier>
    </Filter>
  </ItemGroup>
  <ItemGroup>
    <ClInclude Include="..\xxlib\xx_data.h">
      <Filter>xxlib</Filter>
    </ClInclude>
    <ClInclude Include="..\xxlib\xx_obj.h">
      <Filter>xxlib</Filter>
    </ClInclude>
    <ClInclude Include="..\xxlib\xx_ptr.h">
      <Filter>xxlib</Filter>
    </ClInclude>
    <ClInclude Include="..\xxlib\xx_typehelpers.h">
      <Filter>xxlib</Filter>
    </ClInclude>
    <ClInclude Include="..\xxlib\xx_typename_islambda.h">
      <Filter>xxlib</Filter>
    </ClInclude>
    <ClInclude Include="..\xxlib\xx_chrono.h">
      <Filter>xxlib</Filter>
    </ClInclude>
    <ClInclude Include="..\xxlib\xx_file.h">
      <Filter>xxlib</Filter>
    </ClInclude>
    <ClInclude Include="string_text_view.hpp">
      <Filter>bak</Filter>
    </ClInclude>
    <ClInclude Include="Node.h" />
    <ClInclude Include="SceneTree.h" />
    <ClInclude Include="Viewport.h" />
    <ClInclude Include="Signal.h" />
    <ClInclude Include="Ref.h" />
  </ItemGroup>
  <ItemGroup>
    <Text Include="bak.txt">
      <Filter>bak</Filter>
    </Text>
  </ItemGroup>
</Project>