<?xml version="1.0" encoding="utf-8"?>
<Project ToolsVersion="4.0" xmlns="http://schemas.microsoft.com/developer/msbuild/2003">
  <ItemGroup>
    <ClCompile Include="main.cpp" />
    <ClCompile Include="wgl.c" />
    <ClCompile Include="gl.c" />
    <ClCompile Include="logic.cpp" />
    <ClCompile Include="pch.cpp" />
    <ClCompile Include="glhelpers.cpp" />
  </ItemGroup>
  <ItemGroup>
    <ClInclude Include="gl.h" />
    <ClInclude Include="wgl.h" />
    <ClInclude Include="khrplatform.h" />
    <ClInclude Include="logic.h" />
    <ClInclude Include="pch.h" />
    <ClInclude Include="glhelpers.h" />
  </ItemGroup>
</Project>